
Microsoft Visual Studio Solution File, Format Version 12.00
# Visual Studio Version 16
VisualStudioVersion = 16.0.30114.105
MinimumVisualStudioVersion = 10.0.40219.1
Project("{FAE04EC0-301F-11D3-BF4B-00C04F79EFBC}") = "CaRental", "CaRental\CaRental.csproj", "{680B6B4D-6BCC-4EB2-8101-800B8B2C9D22}"
EndProject
Global
	GlobalSection(SolutionConfigurationPlatforms) = preSolution
		Debug|Any CPU = Debug|Any CPU
		Release|Any CPU = Release|Any CPU
	EndGlobalSection
	GlobalSection(ProjectConfigurationPlatforms) = postSolution
		{680B6B4D-6BCC-4EB2-8101-800B8B2C9D22}.Debug|Any CPU.ActiveCfg = Debug|Any CPU
		{680B6B4D-6BCC-4EB2-8101-800B8B2C9D22}.Debug|Any CPU.Build.0 = Debug|Any CPU
		{680B6B4D-6BCC-4EB2-8101-800B8B2C9D22}.Release|Any CPU.ActiveCfg = Release|Any CPU
		{680B6B4D-6BCC-4EB2-8101-800B8B2C9D22}.Release|Any CPU.Build.0 = Release|Any CPU
	EndGlobalSection
	GlobalSection(SolutionProperties) = preSolution
		HideSolutionNode = FALSE
	EndGlobalSection
	GlobalSection(ExtensibilityGlobals) = postSolution
		SolutionGuid = {BEFE1208-DE9B-4C35-AA2C-8C592FF5EB22}
	EndGlobalSection
EndGlobal
